
Microsoft Visual Studio Solution File, Format Version 12.00
# Visual Studio Version 16
VisualStudioVersion = 16.0.29920.165
MinimumVisualStudioVersion = 10.0.40219.1
Project("{FAE04EC0-301F-11D3-BF4B-00C04F79EFBC}") = "banking-system-ass1", "banking-system-ass1.csproj", "{D0B20655-921E-46BC-8EC5-73833F71B0A5}"
EndProject
Global
	GlobalSection(SolutionConfigurationPlatforms) = preSolution
		Debug|Any CPU = Debug|Any CPU
		Release|Any CPU = Release|Any CPU
	EndGlobalSection
	GlobalSection(ProjectConfigurationPlatforms) = postSolution
		{D0B20655-921E-46BC-8EC5-73833F71B0A5}.Debug|Any CPU.ActiveCfg = Debug|Any CPU
		{D0B20655-921E-46BC-8EC5-73833F71B0A5}.Debug|Any CPU.Build.0 = Debug|Any CPU
		{D0B20655-921E-46BC-8EC5-73833F71B0A5}.Release|Any CPU.ActiveCfg = Release|Any CPU
		{D0B20655-921E-46BC-8EC5-73833F71B0A5}.Release|Any CPU.Build.0 = Release|Any CPU
	EndGlobalSection
	GlobalSection(SolutionProperties) = preSolution
		HideSolutionNode = FALSE
	EndGlobalSection
	GlobalSection(ExtensibilityGlobals) = postSolution
		SolutionGuid = {57177490-4CA1-4C4E-B957-D342EBE5BF2A}
	EndGlobalSection
EndGlobal
